
Microsoft Visual Studio Solution File, Format Version 12.00
# Visual Studio Version 17
VisualStudioVersion = 17.8.34330.188
MinimumVisualStudioVersion = 10.0.40219.1
Project("{FAE04EC0-301F-11D3-BF4B-00C04F79EFBC}") = "RToora.DemoUmbraco01.Web", "src\Web\RToora.DemoUmbraco01.Web.csproj", "{0F268F6B-C34F-43A8-9B26-69E4344CC03B}"
EndProject
Global
	GlobalSection(SolutionConfigurationPlatforms) = preSolution
		Debug|Any CPU = Debug|Any CPU
		Release|Any CPU = Release|Any CPU
	EndGlobalSection
	GlobalSection(ProjectConfigurationPlatforms) = postSolution
		{0F268F6B-C34F-43A8-9B26-69E4344CC03B}.Debug|Any CPU.ActiveCfg = Debug|Any CPU
		{0F268F6B-C34F-43A8-9B26-69E4344CC03B}.Debug|Any CPU.Build.0 = Debug|Any CPU
		{0F268F6B-C34F-43A8-9B26-69E4344CC03B}.Release|Any CPU.ActiveCfg = Release|Any CPU
		{0F268F6B-C34F-43A8-9B26-69E4344CC03B}.Release|Any CPU.Build.0 = Release|Any CPU
	EndGlobalSection
	GlobalSection(SolutionProperties) = preSolution
		HideSolutionNode = FALSE
	EndGlobalSection
	GlobalSection(ExtensibilityGlobals) = postSolution
		SolutionGuid = {53D5B9B0-B1E3-4DA6-8873-B29D85A1B970}
	EndGlobalSection
EndGlobal
